
Microsoft Visual Studio Solution File, Format Version 12.00
# Visual Studio Version 16
VisualStudioVersion = 16.0.29411.138
MinimumVisualStudioVersion = 10.0.40219.1
Project("{9A19103F-16F7-4668-BE54-9A1E7A4F7556}") = "EShop.Gateway", "EShop.Gateway\EShop.Gateway.csproj", "{171BF47D-5E72-4588-8AFA-010A9BE1AA61}"
EndProject
Project("{2150E333-8FDC-42A3-9474-1A3956D46DE8}") = "Identity", "Identity", "{D7F1E032-DD17-43CB-89C7-3D86C6D63732}"
EndProject
Project("{9A19103F-16F7-4668-BE54-9A1E7A4F7556}") = "EShop.Identity.Api", "Identity\EShop.Identity.Api\EShop.Identity.Api.csproj", "{66AE8D5F-8882-458F-BDE9-C76B1704B071}"
EndProject
Project("{9A19103F-16F7-4668-BE54-9A1E7A4F7556}") = "EShop.Identity.Domain", "Identity\EShop.Identity.Domain\EShop.Identity.Domain.csproj", "{DB1237BB-2DC0-45FD-B37B-07D0E172CB1C}"
EndProject
Project("{9A19103F-16F7-4668-BE54-9A1E7A4F7556}") = "EShop.Identity.Test", "Identity\EShop.Identity.Test\EShop.Identity.Test.csproj", "{90373E0A-3F67-4C45-BE99-89F266BBB1AE}"
EndProject
Project("{2150E333-8FDC-42A3-9474-1A3956D46DE8}") = "ProductCatalog", "ProductCatalog", "{37431684-74DD-4923-96C1-15B96A76A980}"
EndProject
Project("{2150E333-8FDC-42A3-9474-1A3956D46DE8}") = "Purchase", "Purchase", "{776094FC-E7A3-486B-8B7D-6534253E3ADA}"
EndProject
Project("{9A19103F-16F7-4668-BE54-9A1E7A4F7556}") = "EShop.ProductCatalog.Api", "ProductCatalog\EShop.ProductCatalog.Api\EShop.ProductCatalog.Api.csproj", "{86D439FD-4F82-4EEE-9C8F-A4CDF0A6E5AA}"
EndProject
Project("{9A19103F-16F7-4668-BE54-9A1E7A4F7556}") = "EShop.ProductCatalog.Domain", "EShop.ProductCatalog.Domain\EShop.ProductCatalog.Domain.csproj", "{28B01F34-139C-4ECF-8DB8-EC7151E92FA4}"
EndProject
Project("{FAE04EC0-301F-11D3-BF4B-00C04F79EFBC}") = "EShop.Purchasing.Domain", "Purchase\EShop.Purchase.Domain\EShop.Purchasing.Domain.csproj", "{192A1A8F-FC6C-4F0B-B73D-488847F53BC6}"
EndProject
Project("{FAE04EC0-301F-11D3-BF4B-00C04F79EFBC}") = "EShop.Purchasing.Api", "Purchase\EShop.Purchasing.Api\EShop.Purchasing.Api.csproj", "{33C70C99-6C07-47B4-BB8F-005A254CF196}"
EndProject
Project("{FAE04EC0-301F-11D3-BF4B-00C04F79EFBC}") = "EShop.ProductCatalog.Test", "ProductCatalog\EShop.ProductCatalog.Test\EShop.ProductCatalog.Test.csproj", "{5CF9C46B-1D43-4059-96D6-CAFB3F3602DF}"
EndProject
Project("{FAE04EC0-301F-11D3-BF4B-00C04F79EFBC}") = "EShop.Purchasing.Test", "Purchase\EShop.Purchasing.Test\EShop.Purchasing.Test.csproj", "{F1BF2662-15A5-4846-B901-2BD68E07EAA6}"
EndProject
Project("{2150E333-8FDC-42A3-9474-1A3956D46DE8}") = "Shared", "Shared", "{33D7E351-4F6D-4AF2-9A11-87A77E2B6250}"
EndProject
Project("{FAE04EC0-301F-11D3-BF4B-00C04F79EFBC}") = "EShop.Logging", "Shared\EShop.Logging\EShop.Logging.csproj", "{C6E1B8BA-716A-4E06-865D-4062AE93FA9B}"
EndProject
Project("{FAE04EC0-301F-11D3-BF4B-00C04F79EFBC}") = "EShop.Utility", "Shared\EShop.Utility\EShop.Utility.csproj", "{BD751D25-3A19-4344-8C2B-C8106FA02C40}"
EndProject
Global
	GlobalSection(SolutionConfigurationPlatforms) = preSolution
		Debug|Any CPU = Debug|Any CPU
		Release|Any CPU = Release|Any CPU
	EndGlobalSection
	GlobalSection(ProjectConfigurationPlatforms) = postSolution
		{171BF47D-5E72-4588-8AFA-010A9BE1AA61}.Debug|Any CPU.ActiveCfg = Debug|Any CPU
		{171BF47D-5E72-4588-8AFA-010A9BE1AA61}.Debug|Any CPU.Build.0 = Debug|Any CPU
		{171BF47D-5E72-4588-8AFA-010A9BE1AA61}.Release|Any CPU.ActiveCfg = Release|Any CPU
		{171BF47D-5E72-4588-8AFA-010A9BE1AA61}.Release|Any CPU.Build.0 = Release|Any CPU
		{66AE8D5F-8882-458F-BDE9-C76B1704B071}.Debug|Any CPU.ActiveCfg = Debug|Any CPU
		{66AE8D5F-8882-458F-BDE9-C76B1704B071}.Debug|Any CPU.Build.0 = Debug|Any CPU
		{66AE8D5F-8882-458F-BDE9-C76B1704B071}.Release|Any CPU.ActiveCfg = Release|Any CPU
		{66AE8D5F-8882-458F-BDE9-C76B1704B071}.Release|Any CPU.Build.0 = Release|Any CPU
		{DB1237BB-2DC0-45FD-B37B-07D0E172CB1C}.Debug|Any CPU.ActiveCfg = Debug|Any CPU
		{DB1237BB-2DC0-45FD-B37B-07D0E172CB1C}.Debug|Any CPU.Build.0 = Debug|Any CPU
		{DB1237BB-2DC0-45FD-B37B-07D0E172CB1C}.Release|Any CPU.ActiveCfg = Release|Any CPU
		{DB1237BB-2DC0-45FD-B37B-07D0E172CB1C}.Release|Any CPU.Build.0 = Release|Any CPU
		{90373E0A-3F67-4C45-BE99-89F266BBB1AE}.Debug|Any CPU.ActiveCfg = Debug|Any CPU
		{90373E0A-3F67-4C45-BE99-89F266BBB1AE}.Debug|Any CPU.Build.0 = Debug|Any CPU
		{90373E0A-3F67-4C45-BE99-89F266BBB1AE}.Release|Any CPU.ActiveCfg = Release|Any CPU
		{90373E0A-3F67-4C45-BE99-89F266BBB1AE}.Release|Any CPU.Build.0 = Release|Any CPU
		{86D439FD-4F82-4EEE-9C8F-A4CDF0A6E5AA}.Debug|Any CPU.ActiveCfg = Debug|Any CPU
		{86D439FD-4F82-4EEE-9C8F-A4CDF0A6E5AA}.Debug|Any CPU.Build.0 = Debug|Any CPU
		{86D439FD-4F82-4EEE-9C8F-A4CDF0A6E5AA}.Release|Any CPU.ActiveCfg = Release|Any CPU
		{86D439FD-4F82-4EEE-9C8F-A4CDF0A6E5AA}.Release|Any CPU.Build.0 = Release|Any CPU
		{28B01F34-139C-4ECF-8DB8-EC7151E92FA4}.Debug|Any CPU.ActiveCfg = Debug|Any CPU
		{28B01F34-139C-4ECF-8DB8-EC7151E92FA4}.Debug|Any CPU.Build.0 = Debug|Any CPU
		{28B01F34-139C-4ECF-8DB8-EC7151E92FA4}.Release|Any CPU.ActiveCfg = Release|Any CPU
		{28B01F34-139C-4ECF-8DB8-EC7151E92FA4}.Release|Any CPU.Build.0 = Release|Any CPU
		{192A1A8F-FC6C-4F0B-B73D-488847F53BC6}.Debug|Any CPU.ActiveCfg = Debug|Any CPU
		{192A1A8F-FC6C-4F0B-B73D-488847F53BC6}.Debug|Any CPU.Build.0 = Debug|Any CPU
		{192A1A8F-FC6C-4F0B-B73D-488847F53BC6}.Release|Any CPU.ActiveCfg = Release|Any CPU
		{192A1A8F-FC6C-4F0B-B73D-488847F53BC6}.Release|Any CPU.Build.0 = Release|Any CPU
		{33C70C99-6C07-47B4-BB8F-005A254CF196}.Debug|Any CPU.ActiveCfg = Debug|Any CPU
		{33C70C99-6C07-47B4-BB8F-005A254CF196}.Debug|Any CPU.Build.0 = Debug|Any CPU
		{33C70C99-6C07-47B4-BB8F-005A254CF196}.Release|Any CPU.ActiveCfg = Release|Any CPU
		{33C70C99-6C07-47B4-BB8F-005A254CF196}.Release|Any CPU.Build.0 = Release|Any CPU
		{5CF9C46B-1D43-4059-96D6-CAFB3F3602DF}.Debug|Any CPU.ActiveCfg = Debug|Any CPU
		{5CF9C46B-1D43-4059-96D6-CAFB3F3602DF}.Debug|Any CPU.Build.0 = Debug|Any CPU
		{5CF9C46B-1D43-4059-96D6-CAFB3F3602DF}.Release|Any CPU.ActiveCfg = Release|Any CPU
		{5CF9C46B-1D43-4059-96D6-CAFB3F3602DF}.Release|Any CPU.Build.0 = Release|Any CPU
		{F1BF2662-15A5-4846-B901-2BD68E07EAA6}.Debug|Any CPU.ActiveCfg = Debug|Any CPU
		{F1BF2662-15A5-4846-B901-2BD68E07EAA6}.Debug|Any CPU.Build.0 = Debug|Any CPU
		{F1BF2662-15A5-4846-B901-2BD68E07EAA6}.Release|Any CPU.ActiveCfg = Release|Any CPU
		{F1BF2662-15A5-4846-B901-2BD68E07EAA6}.Release|Any CPU.Build.0 = Release|Any CPU
		{C6E1B8BA-716A-4E06-865D-4062AE93FA9B}.Debug|Any CPU.ActiveCfg = Debug|Any CPU
		{C6E1B8BA-716A-4E06-865D-4062AE93FA9B}.Debug|Any CPU.Build.0 = Debug|Any CPU
		{C6E1B8BA-716A-4E06-865D-4062AE93FA9B}.Release|Any CPU.ActiveCfg = Release|Any CPU
		{C6E1B8BA-716A-4E06-865D-4062AE93FA9B}.Release|Any CPU.Build.0 = Release|Any CPU
		{BD751D25-3A19-4344-8C2B-C8106FA02C40}.Debug|Any CPU.ActiveCfg = Debug|Any CPU
		{BD751D25-3A19-4344-8C2B-C8106FA02C40}.Debug|Any CPU.Build.0 = Debug|Any CPU
		{BD751D25-3A19-4344-8C2B-C8106FA02C40}.Release|Any CPU.ActiveCfg = Release|Any CPU
		{BD751D25-3A19-4344-8C2B-C8106FA02C40}.Release|Any CPU.Build.0 = Release|Any CPU
	EndGlobalSection
	GlobalSection(SolutionProperties) = preSolution
		HideSolutionNode = FALSE
	EndGlobalSection
	GlobalSection(NestedProjects) = preSolution
		{66AE8D5F-8882-458F-BDE9-C76B1704B071} = {D7F1E032-DD17-43CB-89C7-3D86C6D63732}
		{DB1237BB-2DC0-45FD-B37B-07D0E172CB1C} = {D7F1E032-DD17-43CB-89C7-3D86C6D63732}
		{90373E0A-3F67-4C45-BE99-89F266BBB1AE} = {D7F1E032-DD17-43CB-89C7-3D86C6D63732}
		{86D439FD-4F82-4EEE-9C8F-A4CDF0A6E5AA} = {37431684-74DD-4923-96C1-15B96A76A980}
		{28B01F34-139C-4ECF-8DB8-EC7151E92FA4} = {37431684-74DD-4923-96C1-15B96A76A980}
		{192A1A8F-FC6C-4F0B-B73D-488847F53BC6} = {776094FC-E7A3-486B-8B7D-6534253E3ADA}
		{33C70C99-6C07-47B4-BB8F-005A254CF196} = {776094FC-E7A3-486B-8B7D-6534253E3ADA}
		{5CF9C46B-1D43-4059-96D6-CAFB3F3602DF} = {37431684-74DD-4923-96C1-15B96A76A980}
		{F1BF2662-15A5-4846-B901-2BD68E07EAA6} = {776094FC-E7A3-486B-8B7D-6534253E3ADA}
		{C6E1B8BA-716A-4E06-865D-4062AE93FA9B} = {33D7E351-4F6D-4AF2-9A11-87A77E2B6250}
		{BD751D25-3A19-4344-8C2B-C8106FA02C40} = {33D7E351-4F6D-4AF2-9A11-87A77E2B6250}
	EndGlobalSection
	GlobalSection(ExtensibilityGlobals) = postSolution
		SolutionGuid = {07CB8BA5-1DAB-4DD0-8EFF-0E77A8E76EB1}
	EndGlobalSection
EndGlobal
